
Microsoft Visual Studio Solution File, Format Version 12.00
# Visual Studio 16
VisualStudioVersion = 16.0.28729.10
MinimumVisualStudioVersion = 10.0.40219.1
Project("{9A19103F-16F7-4668-BE54-9A1E7A4F7556}") = "AspNetCoreUseHangfire", "AspNetCoreUseHangfire\AspNetCoreUseHangfire.csproj", "{F00B0AAA-40D9-480D-95E2-5D17E8CE27A8}"
EndProject
Project("{FAE04EC0-301F-11D3-BF4B-00C04F79EFBC}") = "Domain", "Domain\Domain.csproj", "{12FE4E68-5D53-4284-8455-A5A9F1741F55}"
EndProject
Global
	GlobalSection(SolutionConfigurationPlatforms) = preSolution
		Debug|Any CPU = Debug|Any CPU
		Release|Any CPU = Release|Any CPU
	EndGlobalSection
	GlobalSection(ProjectConfigurationPlatforms) = postSolution
		{F00B0AAA-40D9-480D-95E2-5D17E8CE27A8}.Debug|Any CPU.ActiveCfg = Debug|Any CPU
		{F00B0AAA-40D9-480D-95E2-5D17E8CE27A8}.Debug|Any CPU.Build.0 = Debug|Any CPU
		{F00B0AAA-40D9-480D-95E2-5D17E8CE27A8}.Release|Any CPU.ActiveCfg = Release|Any CPU
		{F00B0AAA-40D9-480D-95E2-5D17E8CE27A8}.Release|Any CPU.Build.0 = Release|Any CPU
		{12FE4E68-5D53-4284-8455-A5A9F1741F55}.Debug|Any CPU.ActiveCfg = Debug|Any CPU
		{12FE4E68-5D53-4284-8455-A5A9F1741F55}.Debug|Any CPU.Build.0 = Debug|Any CPU
		{12FE4E68-5D53-4284-8455-A5A9F1741F55}.Release|Any CPU.ActiveCfg = Release|Any CPU
		{12FE4E68-5D53-4284-8455-A5A9F1741F55}.Release|Any CPU.Build.0 = Release|Any CPU
	EndGlobalSection
	GlobalSection(SolutionProperties) = preSolution
		HideSolutionNode = FALSE
	EndGlobalSection
	GlobalSection(ExtensibilityGlobals) = postSolution
		SolutionGuid = {2F9328A3-1AE6-4905-AADF-52474F3FABDC}
	EndGlobalSection
EndGlobal
